Microsoft Visual Studio Solution File, Format Version 12.00
# Visual Studio Version 17
VisualStudioVersion = 17.5.2.0
MinimumVisualStudioVersion = 10.0.40219.1
Project("{FAE04EC0-301F-11D3-BF4B-00C04F79EFBC}") = "Tag7", "Tag7.csproj", "{B6DE6E2B-B12F-1837-2E7B-A169B8703833}"
EndProject
Global
	GlobalSection(SolutionConfigurationPlatforms) = preSolution
		Debug|Any CPU = Debug|Any CPU
		Release|Any CPU = Release|Any CPU
	EndGlobalSection
	GlobalSection(ProjectConfigurationPlatforms) = postSolution
		{B6DE6E2B-B12F-1837-2E7B-A169B8703833}.Debug|Any CPU.ActiveCfg = Debug|Any CPU
		{B6DE6E2B-B12F-1837-2E7B-A169B8703833}.Debug|Any CPU.Build.0 = Debug|Any CPU
		{B6DE6E2B-B12F-1837-2E7B-A169B8703833}.Release|Any CPU.ActiveCfg = Release|Any CPU
		{B6DE6E2B-B12F-1837-2E7B-A169B8703833}.Release|Any CPU.Build.0 = Release|Any CPU
	EndGlobalSection
	GlobalSection(SolutionProperties) = preSolution
		HideSolutionNode = FALSE
	EndGlobalSection
	GlobalSection(ExtensibilityGlobals) = postSolution
		SolutionGuid = {63500208-246B-4E4E-A927-C2D7F7A4BC49}
	EndGlobalSection
EndGlobal
